// !$*UTF8*$!
{
	archiveVersion = 1;
	classes = {
	};
	objectVersion = 48;
	objects = {

/* Begin PBXBuildFile section */
		2B1D0D8220BF62CD0042D4F0 /* DataManagerTestHelpers.swift in Sources */ = {isa = PBXBuildFile; fileRef = 2B1D0D8120BF62CD0042D4F0 /* DataManagerTestHelpers.swift */; };
		2BBE70DD20BDAB5200063A67 /* SessionProtocols.swift in Sources */ = {isa = PBXBuildFile; fileRef = 2BBE70DB20BDAB5200063A67 /* SessionProtocols.swift */; };
		2BBE70DE20BDAB5200063A67 /* DataManager.swift in Sources */ = {isa = PBXBuildFile; fileRef = 2BBE70DC20BDAB5200063A67 /* DataManager.swift */; };
		2BBE70E120BDAB9E00063A67 /* Mapped.swift in Sources */ = {isa = PBXBuildFile; fileRef = 2BBE70DF20BDAB9E00063A67 /* Mapped.swift */; };
		2BBE70E220BDAB9E00063A67 /* JSONMappingProtocol.swift in Sources */ = {isa = PBXBuildFile; fileRef = 2BBE70E020BDAB9E00063A67 /* JSONMappingProtocol.swift */; };
		2BBE70E620BDABD500063A67 /* Managed.swift in Sources */ = {isa = PBXBuildFile; fileRef = 2BBE70E320BDABD500063A67 /* Managed.swift */; };
		2BBE70E720BDABD500063A67 /* PersistenceHelper.swift in Sources */ = {isa = PBXBuildFile; fileRef = 2BBE70E420BDABD500063A67 /* PersistenceHelper.swift */; };
		2BBE70E820BDABD500063A67 /* PersistenceManager.swift in Sources */ = {isa = PBXBuildFile; fileRef = 2BBE70E520BDABD500063A67 /* PersistenceManager.swift */; };
		2BBE70ED20BEA30900063A67 /* basic_return.json in Resources */ = {isa = PBXBuildFile; fileRef = 2BBE70EA20BEA30900063A67 /* basic_return.json */; };
		2BBE70EE20BEA30900063A67 /* date_range_eur.json in Resources */ = {isa = PBXBuildFile; fileRef = 2BBE70EB20BEA30900063A67 /* date_range_eur.json */; };
		2BBE70EF20BEA30900063A67 /* basic_eur.json in Resources */ = {isa = PBXBuildFile; fileRef = 2BBE70EC20BEA30900063A67 /* basic_eur.json */; };
		2BBE70F720BEAA8F00063A67 /* bc_mapping.xcdatamodeld in Sources */ = {isa = PBXBuildFile; fileRef = 2BBE70F520BEAA8F00063A67 /* bc_mapping.xcdatamodeld */; };
		2BBE70F920BEB92F00063A67 /* CurrencyPairTest.swift in Sources */ = {isa = PBXBuildFile; fileRef = 2BBE70F820BEB92F00063A67 /* CurrencyPairTest.swift */; };
		2BBE70FE20BEBD0E00063A67 /* CurrencyRaw.swift in Sources */ = {isa = PBXBuildFile; fileRef = 2BBE70FD20BEBD0E00063A67 /* CurrencyRaw.swift */; };
		2BBE710020BEBD1C00063A67 /* CurrencyMapper.swift in Sources */ = {isa = PBXBuildFile; fileRef = 2BBE70FF20BEBD1C00063A67 /* CurrencyMapper.swift */; };
		2BBE710520BF01CB00063A67 /* TestSuiteHelpers.swift in Sources */ = {isa = PBXBuildFile; fileRef = 2BBE710420BF01CB00063A67 /* TestSuiteHelpers.swift */; };
		2BE5F51E20BD6EBF00CC1DF8 /* AppDelegate.swift in Sources */ = {isa = PBXBuildFile; fileRef = 2BE5F51D20BD6EBF00CC1DF8 /* AppDelegate.swift */; };
		2BE5F52020BD6EBF00CC1DF8 /* ViewController.swift in Sources */ = {isa = PBXBuildFile; fileRef = 2BE5F51F20BD6EBF00CC1DF8 /* ViewController.swift */; };
		2BE5F52320BD6EBF00CC1DF8 /* Main.storyboard in Resources */ = {isa = PBXBuildFile; fileRef = 2BE5F52120BD6EBF00CC1DF8 /* Main.storyboard */; };
		2BE5F52520BD6EBF00CC1DF8 /* Assets.xcassets in Resources */ = {isa = PBXBuildFile; fileRef = 2BE5F52420BD6EBF00CC1DF8 /* Assets.xcassets */; };
		2BE5F52820BD6EBF00CC1DF8 /* LaunchScreen.storyboard in Resources */ = {isa = PBXBuildFile; fileRef = 2BE5F52620BD6EBF00CC1DF8 /* LaunchScreen.storyboard */; };
		2BE5F53320BD6EBF00CC1DF8 /* n26Tests.swift in Sources */ = {isa = PBXBuildFile; fileRef = 2BE5F53220BD6EBF00CC1DF8 /* n26Tests.swift */; };
		2BE5F53820BD6EBF00CC1DF8 /* n26 WatchKit App.app in Embed Watch Content */ = {isa = PBXBuildFile; fileRef = 2BE5F53720BD6EBF00CC1DF8 /* n26 WatchKit App.app */; };
		2BE5F53E20BD6EBF00CC1DF8 /* Interface.storyboard in Resources */ = {isa = PBXBuildFile; fileRef = 2BE5F53C20BD6EBF00CC1DF8 /* Interface.storyboard */; };
		2BE5F54020BD6EBF00CC1DF8 /* Assets.xcassets in Resources */ = {isa = PBXBuildFile; fileRef = 2BE5F53F20BD6EBF00CC1DF8 /* Assets.xcassets */; };
		2BE5F54720BD6EC000CC1DF8 /* n26 WatchKit Extension.appex in Embed App Extensions */ = {isa = PBXBuildFile; fileRef = 2BE5F54620BD6EC000CC1DF8 /* n26 WatchKit Extension.appex */; settings = {ATTRIBUTES = (RemoveHeadersOnCopy, ); }; };
		2BE5F54C20BD6EC000CC1DF8 /* InterfaceController.swift in Sources */ = {isa = PBXBuildFile; fileRef = 2BE5F54B20BD6EC000CC1DF8 /* InterfaceController.swift */; };
		2BE5F54E20BD6EC000CC1DF8 /* ExtensionDelegate.swift in Sources */ = {isa = PBXBuildFile; fileRef = 2BE5F54D20BD6EC000CC1DF8 /* ExtensionDelegate.swift */; };
		2BE5F55020BD6EC000CC1DF8 /* NotificationController.swift in Sources */ = {isa = PBXBuildFile; fileRef = 2BE5F54F20BD6EC000CC1DF8 /* NotificationController.swift */; };
		2BE5F55220BD6EC000CC1DF8 /* Assets.xcassets in Resources */ = {isa = PBXBuildFile; fileRef = 2BE5F55120BD6EC000CC1DF8 /* Assets.xcassets */; };
		2BE5F56820BD7C6D00CC1DF8 /* Nimble.framework in Frameworks */ = {isa = PBXBuildFile; fileRef = 2BE5F56620BD7C6D00CC1DF8 /* Nimble.framework */; };
		2BE5F56920BD7C6D00CC1DF8 /* Quick.framework in Frameworks */ = {isa = PBXBuildFile; fileRef = 2BE5F56720BD7C6D00CC1DF8 /* Quick.framework */; };
		2BE5F56B20BD7C8300CC1DF8 /* Nimble.framework in CopyFiles */ = {isa = PBXBuildFile; fileRef = 2BE5F56620BD7C6D00CC1DF8 /* Nimble.framework */; settings = {ATTRIBUTES = (CodeSignOnCopy, RemoveHeadersOnCopy, ); }; };
		2BE5F56C20BD7C8300CC1DF8 /* Quick.framework in CopyFiles */ = {isa = PBXBuildFile; fileRef = 2BE5F56720BD7C6D00CC1DF8 /* Quick.framework */; settings = {ATTRIBUTES = (CodeSignOnCopy, RemoveHeadersOnCopy, ); }; };
/* End PBXBuildFile section */

/* Begin PBXContainerItemProxy section */
		2BE5F52F20BD6EBF00CC1DF8 /* PBXContainerItemProxy */ = {
			isa = PBXContainerItemProxy;
			containerPortal = 2BE5F51220BD6EBF00CC1DF8 /* Project object */;
			proxyType = 1;
			remoteGlobalIDString = 2BE5F51920BD6EBF00CC1DF8;
			remoteInfo = n26;
		};
		2BE5F53920BD6EBF00CC1DF8 /* PBXContainerItemProxy */ = {
			isa = PBXContainerItemProxy;
			containerPortal = 2BE5F51220BD6EBF00CC1DF8 /* Project object */;
			proxyType = 1;
			remoteGlobalIDString = 2BE5F53620BD6EBF00CC1DF8;
			remoteInfo = "n26 WatchKit App";
		};
		2BE5F54820BD6EC000CC1DF8 /* PBXContainerItemProxy */ = {
			isa = PBXContainerItemProxy;
			containerPortal = 2BE5F51220BD6EBF00CC1DF8 /* Project object */;
			proxyType = 1;
			remoteGlobalIDString = 2BE5F54520BD6EC000CC1DF8;
			remoteInfo = "n26 WatchKit Extension";
		};
/* End PBXContainerItemProxy section */

/* Begin PBXCopyFilesBuildPhase section */
		2BE5F55A20BD6EC000CC1DF8 /* Embed App Extensions */ = {
			isa = PBXCopyFilesBuildPhase;
			buildActionMask = 2147483647;
			dstPath = "";
			dstSubfolderSpec = 13;
			files = (
				2BE5F54720BD6EC000CC1DF8 /* n26 WatchKit Extension.appex in Embed App Extensions */,
			);
			name = "Embed App Extensions";
			runOnlyForDeploymentPostprocessing = 0;
		};
		2BE5F55E20BD6EC000CC1DF8 /* Embed Watch Content */ = {
			isa = PBXCopyFilesBuildPhase;
			buildActionMask = 2147483647;
			dstPath = "$(CONTENTS_FOLDER_PATH)/Watch";
			dstSubfolderSpec = 16;
			files = (
				2BE5F53820BD6EBF00CC1DF8 /* n26 WatchKit App.app in Embed Watch Content */,
			);
			name = "Embed Watch Content";
			runOnlyForDeploymentPostprocessing = 0;
		};
		2BE5F56A20BD7C7200CC1DF8 /* CopyFiles */ = {
			isa = PBXCopyFilesBuildPhase;
			buildActionMask = 2147483647;
			dstPath = "";
			dstSubfolderSpec = 10;
			files = (
				2BE5F56B20BD7C8300CC1DF8 /* Nimble.framework in CopyFiles */,
				2BE5F56C20BD7C8300CC1DF8 /* Quick.framework in CopyFiles */,
			);
			runOnlyForDeploymentPostprocessing = 0;
		};
/* End PBXCopyFilesBuildPhase section */

/* Begin PBXFileReference section */
		2B1D0D8120BF62CD0042D4F0 /* DataManagerTestHelpers.swift */ = {isa = PBXFileReference; fileEncoding = 4; lastKnownFileType = sourcecode.swift; path = DataManagerTestHelpers.swift; sourceTree = "<group>"; };
		2BBE70DB20BDAB5200063A67 /* SessionProtocols.swift */ = {isa = PBXFileReference; fileEncoding = 4; lastKnownFileType = sourcecode.swift; path = SessionProtocols.swift; sourceTree = "<group>"; };
		2BBE70DC20BDAB5200063A67 /* DataManager.swift */ = {isa = PBXFileReference; fileEncoding = 4; lastKnownFileType = sourcecode.swift; path = DataManager.swift; sourceTree = "<group>"; };
		2BBE70DF20BDAB9E00063A67 /* Mapped.swift */ = {isa = PBXFileReference; fileEncoding = 4; lastKnownFileType = sourcecode.swift; path = Mapped.swift; sourceTree = "<group>"; };
		2BBE70E020BDAB9E00063A67 /* JSONMappingProtocol.swift */ = {isa = PBXFileReference; fileEncoding = 4; lastKnownFileType = sourcecode.swift; path = JSONMappingProtocol.swift; sourceTree = "<group>"; };
		2BBE70E320BDABD500063A67 /* Managed.swift */ = {isa = PBXFileReference; fileEncoding = 4; lastKnownFileType = sourcecode.swift; path = Managed.swift; sourceTree = "<group>"; };
		2BBE70E420BDABD500063A67 /* PersistenceHelper.swift */ = {isa = PBXFileReference; fileEncoding = 4; lastKnownFileType = sourcecode.swift; path = PersistenceHelper.swift; sourceTree = "<group>"; };
		2BBE70E520BDABD500063A67 /* PersistenceManager.swift */ = {isa = PBXFileReference; fileEncoding = 4; lastKnownFileType = sourcecode.swift; path = PersistenceManager.swift; sourceTree = "<group>"; };
		2BBE70EA20BEA30900063A67 /* basic_return.json */ = {isa = PBXFileReference; fileEncoding = 4; lastKnownFileType = text.json; path = basic_return.json; sourceTree = "<group>"; };
		2BBE70EB20BEA30900063A67 /* date_range_eur.json */ = {isa = PBXFileReference; fileEncoding = 4; lastKnownFileType = text.json; path = date_range_eur.json; sourceTree = "<group>"; };
		2BBE70EC20BEA30900063A67 /* basic_eur.json */ = {isa = PBXFileReference; fileEncoding = 4; lastKnownFileType = text.json; path = basic_eur.json; sourceTree = "<group>"; };
		2BBE70F620BEAA8F00063A67 /* bc_mapping.xcdatamodel */ = {isa = PBXFileReference; lastKnownFileType = wrapper.xcdatamodel; path = bc_mapping.xcdatamodel; sourceTree = "<group>"; };
		2BBE70F820BEB92F00063A67 /* CurrencyPairTest.swift */ = {isa = PBXFileReference; lastKnownFileType = sourcecode.swift; path = CurrencyPairTest.swift; sourceTree = "<group>"; };
		2BBE70FD20BEBD0E00063A67 /* CurrencyRaw.swift */ = {isa = PBXFileReference; lastKnownFileType = sourcecode.swift; path = CurrencyRaw.swift; sourceTree = "<group>"; };
		2BBE70FF20BEBD1C00063A67 /* CurrencyMapper.swift */ = {isa = PBXFileReference; lastKnownFileType = sourcecode.swift; path = CurrencyMapper.swift; sourceTree = "<group>"; };
		2BBE710420BF01CB00063A67 /* TestSuiteHelpers.swift */ = {isa = PBXFileReference; fileEncoding = 4; lastKnownFileType = sourcecode.swift; path = TestSuiteHelpers.swift; sourceTree = "<group>"; };
		2BE5F51A20BD6EBF00CC1DF8 /* n26.app */ = {isa = PBXFileReference; explicitFileType = wrapper.application; includeInIndex = 0; path = n26.app; sourceTree = BUILT_PRODUCTS_DIR; };
		2BE5F51D20BD6EBF00CC1DF8 /* AppDelegate.swift */ = {isa = PBXFileReference; lastKnownFileType = sourcecode.swift; path = AppDelegate.swift; sourceTree = "<group>"; };
		2BE5F51F20BD6EBF00CC1DF8 /* ViewController.swift */ = {isa = PBXFileReference; lastKnownFileType = sourcecode.swift; path = ViewController.swift; sourceTree = "<group>"; };
		2BE5F52220BD6EBF00CC1DF8 /* Base */ = {isa = PBXFileReference; lastKnownFileType = file.storyboard; name = Base; path = Base.lproj/Main.storyboard; sourceTree = "<group>"; };
		2BE5F52420BD6EBF00CC1DF8 /* Assets.xcassets */ = {isa = PBXFileReference; lastKnownFileType = folder.assetcatalog; path = Assets.xcassets; sourceTree = "<group>"; };
		2BE5F52720BD6EBF00CC1DF8 /* Base */ = {isa = PBXFileReference; lastKnownFileType = file.storyboard; name = Base; path = Base.lproj/LaunchScreen.storyboard; sourceTree = "<group>"; };
		2BE5F52920BD6EBF00CC1DF8 /* Info.plist */ = {isa = PBXFileReference; lastKnownFileType = text.plist.xml; path = Info.plist; sourceTree = "<group>"; };
		2BE5F52E20BD6EBF00CC1DF8 /* n26Tests.xctest */ = {isa = PBXFileReference; explicitFileType = wrapper.cfbundle; includeInIndex = 0; path = n26Tests.xctest; sourceTree = BUILT_PRODUCTS_DIR; };
		2BE5F53220BD6EBF00CC1DF8 /* n26Tests.swift */ = {isa = PBXFileReference; lastKnownFileType = sourcecode.swift; path = n26Tests.swift; sourceTree = "<group>"; };
		2BE5F53420BD6EBF00CC1DF8 /* Info.plist */ = {isa = PBXFileReference; lastKnownFileType = text.plist.xml; path = Info.plist; sourceTree = "<group>"; };
		2BE5F53720BD6EBF00CC1DF8 /* n26 WatchKit App.app */ = {isa = PBXFileReference; explicitFileType = wrapper.application; includeInIndex = 0; path = "n26 WatchKit App.app"; sourceTree = BUILT_PRODUCTS_DIR; };
		2BE5F53D20BD6EBF00CC1DF8 /* Base */ = {isa = PBXFileReference; lastKnownFileType = file.storyboard; name = Base; path = Base.lproj/Interface.storyboard; sourceTree = "<group>"; };
		2BE5F53F20BD6EBF00CC1DF8 /* Assets.xcassets */ = {isa = PBXFileReference; lastKnownFileType = folder.assetcatalog; path = Assets.xcassets; sourceTree = "<group>"; };
		2BE5F54120BD6EBF00CC1DF8 /* Info.plist */ = {isa = PBXFileReference; lastKnownFileType = text.plist.xml; path = Info.plist; sourceTree = "<group>"; };
		2BE5F54620BD6EC000CC1DF8 /* n26 WatchKit Extension.appex */ = {isa = PBXFileReference; explicitFileType = "wrapper.app-extension"; includeInIndex = 0; path = "n26 WatchKit Extension.appex"; sourceTree = BUILT_PRODUCTS_DIR; };
		2BE5F54B20BD6EC000CC1DF8 /* InterfaceController.swift */ = {isa = PBXFileReference; lastKnownFileType = sourcecode.swift; path = InterfaceController.swift; sourceTree = "<group>"; };
		2BE5F54D20BD6EC000CC1DF8 /* ExtensionDelegate.swift */ = {isa = PBXFileReference; lastKnownFileType = sourcecode.swift; path = ExtensionDelegate.swift; sourceTree = "<group>"; };
		2BE5F54F20BD6EC000CC1DF8 /* NotificationController.swift */ = {isa = PBXFileReference; lastKnownFileType = sourcecode.swift; path = NotificationController.swift; sourceTree = "<group>"; };
		2BE5F55120BD6EC000CC1DF8 /* Assets.xcassets */ = {isa = PBXFileReference; lastKnownFileType = folder.assetcatalog; path = Assets.xcassets; sourceTree = "<group>"; };
		2BE5F55320BD6EC000CC1DF8 /* Info.plist */ = {isa = PBXFileReference; lastKnownFileType = text.plist.xml; path = Info.plist; sourceTree = "<group>"; };
		2BE5F55420BD6EC000CC1DF8 /* PushNotificationPayload.apns */ = {isa = PBXFileReference; lastKnownFileType = text; path = PushNotificationPayload.apns; sourceTree = "<group>"; };
		2BE5F56620BD7C6D00CC1DF8 /* Nimble.framework */ = {isa = PBXFileReference; lastKnownFileType = wrapper.framework; name = Nimble.framework; path = Carthage/Build/iOS/Nimble.framework; sourceTree = "<group>"; };
		2BE5F56720BD7C6D00CC1DF8 /* Quick.framework */ = {isa = PBXFileReference; lastKnownFileType = wrapper.framework; name = Quick.framework; path = Carthage/Build/iOS/Quick.framework; sourceTree = "<group>"; };
/* End PBXFileReference section */

/* Begin PBXFrameworksBuildPhase section */
		2BE5F51720BD6EBF00CC1DF8 /* Frameworks */ = {
			isa = PBXFrameworksBuildPhase;
			buildActionMask = 2147483647;
			files = (
			);
			runOnlyForDeploymentPostprocessing = 0;
		};
		2BE5F52B20BD6EBF00CC1DF8 /* Frameworks */ = {
			isa = PBXFrameworksBuildPhase;
			buildActionMask = 2147483647;
			files = (
				2BE5F56820BD7C6D00CC1DF8 /* Nimble.framework in Frameworks */,
				2BE5F56920BD7C6D00CC1DF8 /* Quick.framework in Frameworks */,
			);
			runOnlyForDeploymentPostprocessing = 0;
		};
		2BE5F54320BD6EC000CC1DF8 /* Frameworks */ = {
			isa = PBXFrameworksBuildPhase;
			buildActionMask = 2147483647;
			files = (
			);
			runOnlyForDeploymentPostprocessing = 0;
		};
/* End PBXFrameworksBuildPhase section */

/* Begin PBXGroup section */
		2BBE70E920BDACEF00063A67 /* testassets */ = {
			isa = PBXGroup;
			children = (
				2BBE70EC20BEA30900063A67 /* basic_eur.json */,
				2BBE70EA20BEA30900063A67 /* basic_return.json */,
				2BBE70EB20BEA30900063A67 /* date_range_eur.json */,
			);
			path = testassets;
			sourceTree = "<group>";
		};
		2BBE70F020BEA7AF00063A67 /* coredatamodel */ = {
			isa = PBXGroup;
			children = (
				2BBE70F520BEAA8F00063A67 /* bc_mapping.xcdatamodeld */,
			);
			path = coredatamodel;
			sourceTree = "<group>";
		};
		2BBE70F120BEA7C100063A67 /* prices */ = {
			isa = PBXGroup;
			children = (
				2BBE70F420BEA7FB00063A67 /* datasources */,
				2BBE70F320BEA7DF00063A67 /* view */,
				2BBE70F220BEA7D400063A67 /* viewcontrollers */,
			);
			path = prices;
			sourceTree = "<group>";
		};
		2BBE70F220BEA7D400063A67 /* viewcontrollers */ = {
			isa = PBXGroup;
			children = (
			);
			path = viewcontrollers;
			sourceTree = "<group>";
		};
		2BBE70F320BEA7DF00063A67 /* view */ = {
			isa = PBXGroup;
			children = (
			);
			path = view;
			sourceTree = "<group>";
		};
		2BBE70F420BEA7FB00063A67 /* datasources */ = {
			isa = PBXGroup;
			children = (
			);
			path = datasources;
			sourceTree = "<group>";
		};
		2BBE70FA20BEBCBC00063A67 /* models */ = {
			isa = PBXGroup;
			children = (
				2BBE70FC20BEBCCF00063A67 /* historicaldata */,
				2BBE70FB20BEBCC400063A67 /* currencypair */,
			);
			path = models;
			sourceTree = "<group>";
		};
		2BBE70FB20BEBCC400063A67 /* currencypair */ = {
			isa = PBXGroup;
			children = (
				2BBE70FD20BEBD0E00063A67 /* CurrencyRaw.swift */,
				2BBE70FF20BEBD1C00063A67 /* CurrencyMapper.swift */,
			);
			path = currencypair;
			sourceTree = "<group>";
		};
		2BBE70FC20BEBCCF00063A67 /* historicaldata */ = {
			isa = PBXGroup;
			children = (
			);
			path = historicaldata;
			sourceTree = "<group>";
		};
		2BBE710120BEFEFB00063A67 /* models */ = {
			isa = PBXGroup;
			children = (
				2BBE710220BEFF0500063A67 /* currencypair */,
			);
			path = models;
			sourceTree = "<group>";
		};
		2BBE710220BEFF0500063A67 /* currencypair */ = {
			isa = PBXGroup;
			children = (
				2BBE70F820BEB92F00063A67 /* CurrencyPairTest.swift */,
			);
			path = currencypair;
			sourceTree = "<group>";
		};
		2BBE710320BF01B000063A67 /* testhelpers */ = {
			isa = PBXGroup;
			children = (
				2B1D0D8120BF62CD0042D4F0 /* DataManagerTestHelpers.swift */,
				2BBE710420BF01CB00063A67 /* TestSuiteHelpers.swift */,
			);
			path = testhelpers;
			sourceTree = "<group>";
		};
		2BE5F51120BD6EBF00CC1DF8 = {
			isa = PBXGroup;
			children = (
				2BE5F51C20BD6EBF00CC1DF8 /* n26 */,
				2BE5F53120BD6EBF00CC1DF8 /* n26Tests */,
				2BE5F53B20BD6EBF00CC1DF8 /* n26 WatchKit App */,
				2BE5F54A20BD6EC000CC1DF8 /* n26 WatchKit Extension */,
				2BE5F51B20BD6EBF00CC1DF8 /* Products */,
				2BE5F56520BD7C6D00CC1DF8 /* Frameworks */,
			);
			sourceTree = "<group>";
		};
		2BE5F51B20BD6EBF00CC1DF8 /* Products */ = {
			isa = PBXGroup;
			children = (
				2BE5F51A20BD6EBF00CC1DF8 /* n26.app */,
				2BE5F52E20BD6EBF00CC1DF8 /* n26Tests.xctest */,
				2BE5F53720BD6EBF00CC1DF8 /* n26 WatchKit App.app */,
				2BE5F54620BD6EC000CC1DF8 /* n26 WatchKit Extension.appex */,
			);
			name = Products;
			sourceTree = "<group>";
		};
		2BE5F51C20BD6EBF00CC1DF8 /* n26 */ = {
			isa = PBXGroup;
			children = (
				2BE5F56D20BD85C900CC1DF8 /* modules */,
				2BE5F51D20BD6EBF00CC1DF8 /* AppDelegate.swift */,
				2BE5F51F20BD6EBF00CC1DF8 /* ViewController.swift */,
				2BE5F52120BD6EBF00CC1DF8 /* Main.storyboard */,
				2BE5F52420BD6EBF00CC1DF8 /* Assets.xcassets */,
				2BE5F52620BD6EBF00CC1DF8 /* LaunchScreen.storyboard */,
				2BE5F52920BD6EBF00CC1DF8 /* Info.plist */,
			);
			path = n26;
			sourceTree = "<group>";
		};
		2BE5F53120BD6EBF00CC1DF8 /* n26Tests */ = {
			isa = PBXGroup;
			children = (
				2BBE710320BF01B000063A67 /* testhelpers */,
				2BBE70E920BDACEF00063A67 /* testassets */,
				2BE5F57620BD864500CC1DF8 /* remotedata */,
				2BE5F57420BD862C00CC1DF8 /* data */,
				2BE5F57320BD862000CC1DF8 /* persistance */,
				2BE5F53220BD6EBF00CC1DF8 /* n26Tests.swift */,
				2BE5F53420BD6EBF00CC1DF8 /* Info.plist */,
			);
			path = n26Tests;
			sourceTree = "<group>";
		};
		2BE5F53B20BD6EBF00CC1DF8 /* n26 WatchKit App */ = {
			isa = PBXGroup;
			children = (
				2BE5F53C20BD6EBF00CC1DF8 /* Interface.storyboard */,
				2BE5F53F20BD6EBF00CC1DF8 /* Assets.xcassets */,
				2BE5F54120BD6EBF00CC1DF8 /* Info.plist */,
			);
			path = "n26 WatchKit App";
			sourceTree = "<group>";
		};
		2BE5F54A20BD6EC000CC1DF8 /* n26 WatchKit Extension */ = {
			isa = PBXGroup;
			children = (
				2BE5F54B20BD6EC000CC1DF8 /* InterfaceController.swift */,
				2BE5F54D20BD6EC000CC1DF8 /* ExtensionDelegate.swift */,
				2BE5F54F20BD6EC000CC1DF8 /* NotificationController.swift */,
				2BE5F55120BD6EC000CC1DF8 /* Assets.xcassets */,
				2BE5F55320BD6EC000CC1DF8 /* Info.plist */,
				2BE5F55420BD6EC000CC1DF8 /* PushNotificationPayload.apns */,
			);
			path = "n26 WatchKit Extension";
			sourceTree = "<group>";
		};
		2BE5F56520BD7C6D00CC1DF8 /* Frameworks */ = {
			isa = PBXGroup;
			children = (
				2BE5F56620BD7C6D00CC1DF8 /* Nimble.framework */,
				2BE5F56720BD7C6D00CC1DF8 /* Quick.framework */,
			);
			name = Frameworks;
			sourceTree = "<group>";
		};
		2BE5F56D20BD85C900CC1DF8 /* modules */ = {
			isa = PBXGroup;
			children = (
				2BE5F57220BD85F200CC1DF8 /* ui */,
				2BE5F57120BD85E800CC1DF8 /* persistance */,
				2BE5F57020BD85E000CC1DF8 /* remotedata */,
				2BE5F56F20BD85D900CC1DF8 /* data */,
				2BE5F56E20BD85D200CC1DF8 /* datetime */,
			);
			path = modules;
			sourceTree = "<group>";
		};
		2BE5F56E20BD85D200CC1DF8 /* datetime */ = {
			isa = PBXGroup;
			children = (
			);
			path = datetime;
			sourceTree = "<group>";
		};
		2BE5F56F20BD85D900CC1DF8 /* data */ = {
			isa = PBXGroup;
			children = (
				2BBE70FA20BEBCBC00063A67 /* models */,
				2BBE70F020BEA7AF00063A67 /* coredatamodel */,
			);
			path = data;
			sourceTree = "<group>";
		};
		2BE5F57020BD85E000CC1DF8 /* remotedata */ = {
			isa = PBXGroup;
			children = (
				2BBE70DB20BDAB5200063A67 /* SessionProtocols.swift */,
				2BBE70DC20BDAB5200063A67 /* DataManager.swift */,
			);
			path = remotedata;
			sourceTree = "<group>";
		};
		2BE5F57120BD85E800CC1DF8 /* persistance */ = {
			isa = PBXGroup;
			children = (
				2BBE70E320BDABD500063A67 /* Managed.swift */,
				2BBE70E420BDABD500063A67 /* PersistenceHelper.swift */,
				2BBE70E520BDABD500063A67 /* PersistenceManager.swift */,
				2BBE70E020BDAB9E00063A67 /* JSONMappingProtocol.swift */,
				2BBE70DF20BDAB9E00063A67 /* Mapped.swift */,
			);
			path = persistance;
			sourceTree = "<group>";
		};
		2BE5F57220BD85F200CC1DF8 /* ui */ = {
			isa = PBXGroup;
			children = (
				2BBE70F120BEA7C100063A67 /* prices */,
			);
			path = ui;
			sourceTree = "<group>";
		};
		2BE5F57320BD862000CC1DF8 /* persistance */ = {
			isa = PBXGroup;
			children = (
			);
			path = persistance;
			sourceTree = "<group>";
		};
		2BE5F57420BD862C00CC1DF8 /* data */ = {
			isa = PBXGroup;
			children = (
				2BBE710120BEFEFB00063A67 /* models */,
			);
			path = data;
			sourceTree = "<group>";
		};
		2BE5F57620BD864500CC1DF8 /* remotedata */ = {
			isa = PBXGroup;
			children = (
			);
			path = remotedata;
			sourceTree = "<group>";
		};
/* End PBXGroup section */

/* Begin PBXNativeTarget section */
		2BE5F51920BD6EBF00CC1DF8 /* n26 */ = {
			isa = PBXNativeTarget;
			buildConfigurationList = 2BE5F55F20BD6EC000CC1DF8 /* Build configuration list for PBXNativeTarget "n26" */;
			buildPhases = (
				2BE5F51620BD6EBF00CC1DF8 /* Sources */,
				2BE5F51720BD6EBF00CC1DF8 /* Frameworks */,
				2BE5F51820BD6EBF00CC1DF8 /* Resources */,
				2BE5F55E20BD6EC000CC1DF8 /* Embed Watch Content */,
			);
			buildRules = (
			);
			dependencies = (
				2BE5F53A20BD6EBF00CC1DF8 /* PBXTargetDependency */,
			);
			name = n26;
			productName = n26;
			productReference = 2BE5F51A20BD6EBF00CC1DF8 /* n26.app */;
			productType = "com.apple.product-type.application";
		};
		2BE5F52D20BD6EBF00CC1DF8 /* n26Tests */ = {
			isa = PBXNativeTarget;
			buildConfigurationList = 2BE5F56220BD6EC000CC1DF8 /* Build configuration list for PBXNativeTarget "n26Tests" */;
			buildPhases = (
				2BE5F52A20BD6EBF00CC1DF8 /* Sources */,
				2BE5F52B20BD6EBF00CC1DF8 /* Frameworks */,
				2BE5F52C20BD6EBF00CC1DF8 /* Resources */,
				2BE5F56A20BD7C7200CC1DF8 /* CopyFiles */,
			);
			buildRules = (
			);
			dependencies = (
				2BE5F53020BD6EBF00CC1DF8 /* PBXTargetDependency */,
			);
			name = n26Tests;
			productName = n26Tests;
			productReference = 2BE5F52E20BD6EBF00CC1DF8 /* n26Tests.xctest */;
			productType = "com.apple.product-type.bundle.unit-test";
		};
		2BE5F53620BD6EBF00CC1DF8 /* n26 WatchKit App */ = {
			isa = PBXNativeTarget;
			buildConfigurationList = 2BE5F55B20BD6EC000CC1DF8 /* Build configuration list for PBXNativeTarget "n26 WatchKit App" */;
			buildPhases = (
				2BE5F53520BD6EBF00CC1DF8 /* Resources */,
				2BE5F55A20BD6EC000CC1DF8 /* Embed App Extensions */,
			);
			buildRules = (
			);
			dependencies = (
				2BE5F54920BD6EC000CC1DF8 /* PBXTargetDependency */,
			);
			name = "n26 WatchKit App";
			productName = "n26 WatchKit App";
			productReference = 2BE5F53720BD6EBF00CC1DF8 /* n26 WatchKit App.app */;
			productType = "com.apple.product-type.application.watchapp2";
		};
		2BE5F54520BD6EC000CC1DF8 /* n26 WatchKit Extension */ = {
			isa = PBXNativeTarget;
			buildConfigurationList = 2BE5F55720BD6EC000CC1DF8 /* Build configuration list for PBXNativeTarget "n26 WatchKit Extension" */;
			buildPhases = (
				2BE5F54220BD6EC000CC1DF8 /* Sources */,
				2BE5F54320BD6EC000CC1DF8 /* Frameworks */,
				2BE5F54420BD6EC000CC1DF8 /* Resources */,
			);
			buildRules = (
			);
			dependencies = (
			);
			name = "n26 WatchKit Extension";
			productName = "n26 WatchKit Extension";
			productReference = 2BE5F54620BD6EC000CC1DF8 /* n26 WatchKit Extension.appex */;
			productType = "com.apple.product-type.watchkit2-extension";
		};
/* End PBXNativeTarget section */

/* Begin PBXProject section */
		2BE5F51220BD6EBF00CC1DF8 /* Project object */ = {
			isa = PBXProject;
			attributes = {
				LastSwiftUpdateCheck = 0920;
				LastUpgradeCheck = 0920;
				ORGANIZATIONNAME = "BITE-Software";
				TargetAttributes = {
					2BE5F51920BD6EBF00CC1DF8 = {
						CreatedOnToolsVersion = 9.2;
						ProvisioningStyle = Automatic;
					};
					2BE5F52D20BD6EBF00CC1DF8 = {
						CreatedOnToolsVersion = 9.2;
						ProvisioningStyle = Automatic;
						TestTargetID = 2BE5F51920BD6EBF00CC1DF8;
					};
					2BE5F53620BD6EBF00CC1DF8 = {
						CreatedOnToolsVersion = 9.2;
						ProvisioningStyle = Automatic;
					};
					2BE5F54520BD6EC000CC1DF8 = {
						CreatedOnToolsVersion = 9.2;
						ProvisioningStyle = Automatic;
					};
				};
			};
			buildConfigurationList = 2BE5F51520BD6EBF00CC1DF8 /* Build configuration list for PBXProject "n26" */;
			compatibilityVersion = "Xcode 8.0";
			developmentRegion = en;
			hasScannedForEncodings = 0;
			knownRegions = (
				en,
				Base,
			);
			mainGroup = 2BE5F51120BD6EBF00CC1DF8;
			productRefGroup = 2BE5F51B20BD6EBF00CC1DF8 /* Products */;
			projectDirPath = "";
			projectRoot = "";
			targets = (
				2BE5F51920BD6EBF00CC1DF8 /* n26 */,
				2BE5F52D20BD6EBF00CC1DF8 /* n26Tests */,
				2BE5F53620BD6EBF00CC1DF8 /* n26 WatchKit App */,
				2BE5F54520BD6EC000CC1DF8 /* n26 WatchKit Extension */,
			);
		};
/* End PBXProject section */

/* Begin PBXResourcesBuildPhase section */
		2BE5F51820BD6EBF00CC1DF8 /* Resources */ = {
			isa = PBXResourcesBuildPhase;
			buildActionMask = 2147483647;
			files = (
				2BE5F52820BD6EBF00CC1DF8 /* LaunchScreen.storyboard in Resources */,
				2BE5F52520BD6EBF00CC1DF8 /* Assets.xcassets in Resources */,
				2BE5F52320BD6EBF00CC1DF8 /* Main.storyboard in Resources */,
			);
			runOnlyForDeploymentPostprocessing = 0;
		};
		2BE5F52C20BD6EBF00CC1DF8 /* Resources */ = {
			isa = PBXResourcesBuildPhase;
			buildActionMask = 2147483647;
			files = (
				2BBE70EF20BEA30900063A67 /* basic_eur.json in Resources */,
				2BBE70EE20BEA30900063A67 /* date_range_eur.json in Resources */,
				2BBE70ED20BEA30900063A67 /* basic_return.json in Resources */,
			);
			runOnlyForDeploymentPostprocessing = 0;
		};
		2BE5F53520BD6EBF00CC1DF8 /* Resources */ = {
			isa = PBXResourcesBuildPhase;
			buildActionMask = 2147483647;
			files = (
				2BE5F54020BD6EBF00CC1DF8 /* Assets.xcassets in Resources */,
				2BE5F53E20BD6EBF00CC1DF8 /* Interface.storyboard in Resources */,
			);
			runOnlyForDeploymentPostprocessing = 0;
		};
		2BE5F54420BD6EC000CC1DF8 /* Resources */ = {
			isa = PBXResourcesBuildPhase;
			buildActionMask = 2147483647;
			files = (
				2BE5F55220BD6EC000CC1DF8 /* Assets.xcassets in Resources */,
			);
			runOnlyForDeploymentPostprocessing = 0;
		};
/* End PBXResourcesBuildPhase section */

/* Begin PBXSourcesBuildPhase section */
		2BE5F51620BD6EBF00CC1DF8 /* Sources */ = {
			isa = PBXSourcesBuildPhase;
			buildActionMask = 2147483647;
			files = (
				2BE5F52020BD6EBF00CC1DF8 /* ViewController.swift in Sources */,
				2BBE70DE20BDAB5200063A67 /* DataManager.swift in Sources */,
				2BE5F51E20BD6EBF00CC1DF8 /* AppDelegate.swift in Sources */,
				2BBE70DD20BDAB5200063A67 /* SessionProtocols.swift in Sources */,
				2BBE70E620BDABD500063A67 /* Managed.swift in Sources */,
				2BBE70FE20BEBD0E00063A67 /* CurrencyRaw.swift in Sources */,
				2BBE70E220BDAB9E00063A67 /* JSONMappingProtocol.swift in Sources */,
				2BBE70E820BDABD500063A67 /* PersistenceManager.swift in Sources */,
				2BBE70F720BEAA8F00063A67 /* bc_mapping.xcdatamodeld in Sources */,
				2BBE70E120BDAB9E00063A67 /* Mapped.swift in Sources */,
				2BBE70E720BDABD500063A67 /* PersistenceHelper.swift in Sources */,
				2BBE710020BEBD1C00063A67 /* CurrencyMapper.swift in Sources */,
			);
			runOnlyForDeploymentPostprocessing = 0;
		};
		2BE5F52A20BD6EBF00CC1DF8 /* Sources */ = {
			isa = PBXSourcesBuildPhase;
			buildActionMask = 2147483647;
			files = (
				2BBE70F920BEB92F00063A67 /* CurrencyPairTest.swift in Sources */,
				2BE5F53320BD6EBF00CC1DF8 /* n26Tests.swift in Sources */,
				2BBE710520BF01CB00063A67 /* TestSuiteHelpers.swift in Sources */,
				2B1D0D8220BF62CD0042D4F0 /* DataManagerTestHelpers.swift in Sources */,
			);
			runOnlyForDeploymentPostprocessing = 0;
		};
		2BE5F54220BD6EC000CC1DF8 /* Sources */ = {
			isa = PBXSourcesBuildPhase;
			buildActionMask = 2147483647;
			files = (
				2BE5F55020BD6EC000CC1DF8 /* NotificationController.swift in Sources */,
				2BE5F54E20BD6EC000CC1DF8 /* ExtensionDelegate.swift in Sources */,
				2BE5F54C20BD6EC000CC1DF8 /* InterfaceController.swift in Sources */,
			);
			runOnlyForDeploymentPostprocessing = 0;
		};
/* End PBXSourcesBuildPhase section */

/* Begin PBXTargetDependency section */
		2BE5F53020BD6EBF00CC1DF8 /* PBXTargetDependency */ = {
			isa = PBXTargetDependency;
			target = 2BE5F51920BD6EBF00CC1DF8 /* n26 */;
			targetProxy = 2BE5F52F20BD6EBF00CC1DF8 /* PBXContainerItemProxy */;
		};
		2BE5F53A20BD6EBF00CC1DF8 /* PBXTargetDependency */ = {
			isa = PBXTargetDependency;
			target = 2BE5F53620BD6EBF00CC1DF8 /* n26 WatchKit App */;
			targetProxy = 2BE5F53920BD6EBF00CC1DF8 /* PBXContainerItemProxy */;
		};
		2BE5F54920BD6EC000CC1DF8 /* PBXTargetDependency */ = {
			isa = PBXTargetDependency;
			target = 2BE5F54520BD6EC000CC1DF8 /* n26 WatchKit Extension */;
			targetProxy = 2BE5F54820BD6EC000CC1DF8 /* PBXContainerItemProxy */;
		};
/* End PBXTargetDependency section */

/* Begin PBXVariantGroup section */
		2BE5F52120BD6EBF00CC1DF8 /* Main.storyboard */ = {
			isa = PBXVariantGroup;
			children = (
				2BE5F52220BD6EBF00CC1DF8 /* Base */,
			);
			name = Main.storyboard;
			sourceTree = "<group>";
		};
		2BE5F52620BD6EBF00CC1DF8 /* LaunchScreen.storyboard */ = {
			isa = PBXVariantGroup;
			children = (
				2BE5F52720BD6EBF00CC1DF8 /* Base */,
			);
			name = LaunchScreen.storyboard;
			sourceTree = "<group>";
		};
		2BE5F53C20BD6EBF00CC1DF8 /* Interface.storyboard */ = {
			isa = PBXVariantGroup;
			children = (
				2BE5F53D20BD6EBF00CC1DF8 /* Base */,
			);
			name = Interface.storyboard;
			sourceTree = "<group>";
		};
/* End PBXVariantGroup section */

/* Begin XCBuildConfiguration section */
		2BE5F55520BD6EC000CC1DF8 /* Debug */ = {
			isa = XCBuildConfiguration;
			buildSettings = {
				ALWAYS_SEARCH_USER_PATHS = NO;
				CLANG_ANALYZER_NONNULL = YES;
				CLANG_ANALYZER_NUMBER_OBJECT_CONVERSION = YES_AGGRESSIVE;
				CLANG_CXX_LANGUAGE_STANDARD = "gnu++14";
				CLANG_CXX_LIBRARY = "libc++";
				CLANG_ENABLE_MODULES = YES;
				CLANG_ENABLE_OBJC_ARC = YES;
				CLANG_WARN_BLOCK_CAPTURE_AUTORELEASING = YES;
				CLANG_WARN_BOOL_CONVERSION = YES;
				CLANG_WARN_COMMA = YES;
				CLANG_WARN_CONSTANT_CONVERSION = YES;
				CLANG_WARN_DIRECT_OBJC_ISA_USAGE = YES_ERROR;
				CLANG_WARN_DOCUMENTATION_COMMENTS = YES;
				CLANG_WARN_EMPTY_BODY = YES;
				CLANG_WARN_ENUM_CONVERSION = YES;
				CLANG_WARN_INFINITE_RECURSION = YES;
				CLANG_WARN_INT_CONVERSION = YES;
				CLANG_WARN_NON_LITERAL_NULL_CONVERSION = YES;
				CLANG_WARN_OBJC_LITERAL_CONVERSION = YES;
				CLANG_WARN_OBJC_ROOT_CLASS = YES_ERROR;
				CLANG_WARN_RANGE_LOOP_ANALYSIS = YES;
				CLANG_WARN_STRICT_PROTOTYPES = YES;
				CLANG_WARN_SUSPICIOUS_MOVE = YES;
				CLANG_WARN_UNGUARDED_AVAILABILITY = YES_AGGRESSIVE;
				CLANG_WARN_UNREACHABLE_CODE = YES;
				CLANG_WARN__DUPLICATE_METHOD_MATCH = YES;
				CODE_SIGN_IDENTITY = "iPhone Developer";
				COPY_PHASE_STRIP = NO;
				DEBUG_INFORMATION_FORMAT = dwarf;
				ENABLE_STRICT_OBJC_MSGSEND = YES;
				ENABLE_TESTABILITY = YES;
				GCC_C_LANGUAGE_STANDARD = gnu11;
				GCC_DYNAMIC_NO_PIC = NO;
				GCC_NO_COMMON_BLOCKS = YES;
				GCC_OPTIMIZATION_LEVEL = 0;
				GCC_PREPROCESSOR_DEFINITIONS = (
					"DEBUG=1",
					"$(inherited)",
				);
				GCC_WARN_64_TO_32_BIT_CONVERSION = YES;
				GCC_WARN_ABOUT_RETURN_TYPE = YES_ERROR;
				GCC_WARN_UNDECLARED_SELECTOR = YES;
				GCC_WARN_UNINITIALIZED_AUTOS = YES_AGGRESSIVE;
				GCC_WARN_UNUSED_FUNCTION = YES;
				GCC_WARN_UNUSED_VARIABLE = YES;
				IPHONEOS_DEPLOYMENT_TARGET = 11.0;
				MTL_ENABLE_DEBUG_INFO = YES;
				ONLY_ACTIVE_ARCH = YES;
				SDKROOT = iphoneos;
				SWIFT_ACTIVE_COMPILATION_CONDITIONS = DEBUG;
				SWIFT_OPTIMIZATION_LEVEL = "-Onone";
			};
			name = Debug;
		};
		2BE5F55620BD6EC000CC1DF8 /* Release */ = {
			isa = XCBuildConfiguration;
			buildSettings = {
				ALWAYS_SEARCH_USER_PATHS = NO;
				CLANG_ANALYZER_NONNULL = YES;
				CLANG_ANALYZER_NUMBER_OBJECT_CONVERSION = YES_AGGRESSIVE;
				CLANG_CXX_LANGUAGE_STANDARD = "gnu++14";
				CLANG_CXX_LIBRARY = "libc++";
				CLANG_ENABLE_MODULES = YES;
				CLANG_ENABLE_OBJC_ARC = YES;
				CLANG_WARN_BLOCK_CAPTURE_AUTORELEASING = YES;
				CLANG_WARN_BOOL_CONVERSION = YES;
				CLANG_WARN_COMMA = YES;
				CLANG_WARN_CONSTANT_CONVERSION = YES;
				CLANG_WARN_DIRECT_OBJC_ISA_USAGE = YES_ERROR;
				CLANG_WARN_DOCUMENTATION_COMMENTS = YES;
				CLANG_WARN_EMPTY_BODY = YES;
				CLANG_WARN_ENUM_CONVERSION = YES;
				CLANG_WARN_INFINITE_RECURSION = YES;
				CLANG_WARN_INT_CONVERSION = YES;
				CLANG_WARN_NON_LITERAL_NULL_CONVERSION = YES;
				CLANG_WARN_OBJC_LITERAL_CONVERSION = YES;
				CLANG_WARN_OBJC_ROOT_CLASS = YES_ERROR;
				CLANG_WARN_RANGE_LOOP_ANALYSIS = YES;
				CLANG_WARN_STRICT_PROTOTYPES = YES;
				CLANG_WARN_SUSPICIOUS_MOVE = YES;
				CLANG_WARN_UNGUARDED_AVAILABILITY = YES_AGGRESSIVE;
				CLANG_WARN_UNREACHABLE_CODE = YES;
				CLANG_WARN__DUPLICATE_METHOD_MATCH = YES;
				CODE_SIGN_IDENTITY = "iPhone Developer";
				COPY_PHASE_STRIP = NO;
				DEBUG_INFORMATION_FORMAT = "dwarf-with-dsym";
				ENABLE_NS_ASSERTIONS = NO;
				ENABLE_STRICT_OBJC_MSGSEND = YES;
				GCC_C_LANGUAGE_STANDARD = gnu11;
				GCC_NO_COMMON_BLOCKS = YES;
				GCC_WARN_64_TO_32_BIT_CONVERSION = YES;
				GCC_WARN_ABOUT_RETURN_TYPE = YES_ERROR;
				GCC_WARN_UNDECLARED_SELECTOR = YES;
				GCC_WARN_UNINITIALIZED_AUTOS = YES_AGGRESSIVE;
				GCC_WARN_UNUSED_FUNCTION = YES;
				GCC_WARN_UNUSED_VARIABLE = YES;
				IPHONEOS_DEPLOYMENT_TARGET = 11.0;
				MTL_ENABLE_DEBUG_INFO = NO;
				SDKROOT = iphoneos;
				SWIFT_OPTIMIZATION_LEVEL = "-Owholemodule";
				VALIDATE_PRODUCT = YES;
			};
			name = Release;
		};
		2BE5F55820BD6EC000CC1DF8 /* Debug */ = {
			isa = XCBuildConfiguration;
			buildSettings = {
				ASSETCATALOG_COMPILER_COMPLICATION_NAME = Complication;
				CODE_SIGN_STYLE = Automatic;
				DEVELOPMENT_TEAM = QBJML82M5H;
				INFOPLIST_FILE = "n26 WatchKit Extension/Info.plist";
				LD_RUNPATH_SEARCH_PATHS = "$(inherited) @executable_path/Frameworks @executable_path/../../Frameworks";
				PRODUCT_BUNDLE_IDENTIFIER = "com.bite-software.n26.watchkitapp.watchkitextension";
				PRODUCT_NAME = "${TARGET_NAME}";
				SDKROOT = watchos;
				SKIP_INSTALL = YES;
				SWIFT_VERSION = 4.0;
				TARGETED_DEVICE_FAMILY = 4;
				WATCHOS_DEPLOYMENT_TARGET = 4.2;
			};
			name = Debug;
		};
		2BE5F55920BD6EC000CC1DF8 /* Release */ = {
			isa = XCBuildConfiguration;
			buildSettings = {
				ASSETCATALOG_COMPILER_COMPLICATION_NAME = Complication;
				CODE_SIGN_STYLE = Automatic;
				DEVELOPMENT_TEAM = QBJML82M5H;
				INFOPLIST_FILE = "n26 WatchKit Extension/Info.plist";
				LD_RUNPATH_SEARCH_PATHS = "$(inherited) @executable_path/Frameworks @executable_path/../../Frameworks";
				PRODUCT_BUNDLE_IDENTIFIER = "com.bite-software.n26.watchkitapp.watchkitextension";
				PRODUCT_NAME = "${TARGET_NAME}";
				SDKROOT = watchos;
				SKIP_INSTALL = YES;
				SWIFT_VERSION = 4.0;
				TARGETED_DEVICE_FAMILY = 4;
				WATCHOS_DEPLOYMENT_TARGET = 4.2;
			};
			name = Release;
		};
		2BE5F55C20BD6EC000CC1DF8 /* Debug */ = {
			isa = XCBuildConfiguration;
			buildSettings = {
				ALWAYS_EMBED_SWIFT_STANDARD_LIBRARIES = YES;
				ASSETCATALOG_COMPILER_APPICON_NAME = AppIcon;
				CODE_SIGN_STYLE = Automatic;
				DEVELOPMENT_TEAM = QBJML82M5H;
				IBSC_MODULE = n26_WatchKit_Extension;
				INFOPLIST_FILE = "n26 WatchKit App/Info.plist";
				PRODUCT_BUNDLE_IDENTIFIER = "com.bite-software.n26.watchkitapp";
				PRODUCT_NAME = "$(TARGET_NAME)";
				SDKROOT = watchos;
				SKIP_INSTALL = YES;
				SWIFT_VERSION = 4.0;
				TARGETED_DEVICE_FAMILY = 4;
				WATCHOS_DEPLOYMENT_TARGET = 4.2;
			};
			name = Debug;
		};
		2BE5F55D20BD6EC000CC1DF8 /* Release */ = {
			isa = XCBuildConfiguration;
			buildSettings = {
				ALWAYS_EMBED_SWIFT_STANDARD_LIBRARIES = YES;
				ASSETCATALOG_COMPILER_APPICON_NAME = AppIcon;
				CODE_SIGN_STYLE = Automatic;
				DEVELOPMENT_TEAM = QBJML82M5H;
				IBSC_MODULE = n26_WatchKit_Extension;
				INFOPLIST_FILE = "n26 WatchKit App/Info.plist";
				PRODUCT_BUNDLE_IDENTIFIER = "com.bite-software.n26.watchkitapp";
				PRODUCT_NAME = "$(TARGET_NAME)";
				SDKROOT = watchos;
				SKIP_INSTALL = YES;
				SWIFT_VERSION = 4.0;
				TARGETED_DEVICE_FAMILY = 4;
				WATCHOS_DEPLOYMENT_TARGET = 4.2;
			};
			name = Release;
		};
		2BE5F56020BD6EC000CC1DF8 /* Debug */ = {
			isa = XCBuildConfiguration;
			buildSettings = {
				ASSETCATALOG_COMPILER_APPICON_NAME = AppIcon;
				CODE_SIGN_STYLE = Automatic;
				DEVELOPMENT_TEAM = QBJML82M5H;
				INFOPLIST_FILE = n26/Info.plist;
				LD_RUNPATH_SEARCH_PATHS = "$(inherited) @executable_path/Frameworks";
				PRODUCT_BUNDLE_IDENTIFIER = "com.bite-software.n26";
				PRODUCT_NAME = "$(TARGET_NAME)";
				SWIFT_VERSION = 4.0;
				TARGETED_DEVICE_FAMILY = "1,2";
			};
			name = Debug;
		};
		2BE5F56120BD6EC000CC1DF8 /* Release */ = {
			isa = XCBuildConfiguration;
			buildSettings = {
				ASSETCATALOG_COMPILER_APPICON_NAME = AppIcon;
				CODE_SIGN_STYLE = Automatic;
				DEVELOPMENT_TEAM = QBJML82M5H;
				INFOPLIST_FILE = n26/Info.plist;
				LD_RUNPATH_SEARCH_PATHS = "$(inherited) @executable_path/Frameworks";
				PRODUCT_BUNDLE_IDENTIFIER = "com.bite-software.n26";
				PRODUCT_NAME = "$(TARGET_NAME)";
				SWIFT_VERSION = 4.0;
				TARGETED_DEVICE_FAMILY = "1,2";
			};
			name = Release;
		};
		2BE5F56320BD6EC000CC1DF8 /* Debug */ = {
			isa = XCBuildConfiguration;
			buildSettings = {
				ALWAYS_EMBED_SWIFT_STANDARD_LIBRARIES = YES;
				BUNDLE_LOADER = "$(TEST_HOST)";
				CODE_SIGN_STYLE = Automatic;
				DEVELOPMENT_TEAM = QBJML82M5H;
				FRAMEWORK_SEARCH_PATHS = (
					"$(inherited)",
					"$(PROJECT_DIR)/Carthage/Build/iOS",
				);
				INFOPLIST_FILE = n26Tests/Info.plist;
				LD_RUNPATH_SEARCH_PATHS = "$(inherited) @executable_path/Frameworks @loader_path/Frameworks";
				PRODUCT_BUNDLE_IDENTIFIER = "com.bite-software.n26Tests";
				PRODUCT_NAME = "$(TARGET_NAME)";
				SWIFT_VERSION = 4.0;
				TARGETED_DEVICE_FAMILY = "1,2";
				TEST_HOST = "$(BUILT_PRODUCTS_DIR)/n26.app/n26";
			};
			name = Debug;
		};
		2BE5F56420BD6EC000CC1DF8 /* Release */ = {
			isa = XCBuildConfiguration;
			buildSettings = {
				ALWAYS_EMBED_SWIFT_STANDARD_LIBRARIES = YES;
				BUNDLE_LOADER = "$(TEST_HOST)";
				CODE_SIGN_STYLE = Automatic;
				DEVELOPMENT_TEAM = QBJML82M5H;
				FRAMEWORK_SEARCH_PATHS = (
					"$(inherited)",
					"$(PROJECT_DIR)/Carthage/Build/iOS",
				);
				INFOPLIST_FILE = n26Tests/Info.plist;
				LD_RUNPATH_SEARCH_PATHS = "$(inherited) @executable_path/Frameworks @loader_path/Frameworks";
				PRODUCT_BUNDLE_IDENTIFIER = "com.bite-software.n26Tests";
				PRODUCT_NAME = "$(TARGET_NAME)";
				SWIFT_VERSION = 4.0;
				TARGETED_DEVICE_FAMILY = "1,2";
				TEST_HOST = "$(BUILT_PRODUCTS_DIR)/n26.app/n26";
			};
			name = Release;
		};
/* End XCBuildConfiguration section */

/* Begin XCConfigurationList section */
		2BE5F51520BD6EBF00CC1DF8 /* Build configuration list for PBXProject "n26" */ = {
			isa = XCConfigurationList;
			buildConfigurations = (
				2BE5F55520BD6EC000CC1DF8 /* Debug */,
				2BE5F55620BD6EC000CC1DF8 /* Release */,
			);
			defaultConfigurationIsVisible = 0;
			defaultConfigurationName = Release;
		};
		2BE5F55720BD6EC000CC1DF8 /* Build configuration list for PBXNativeTarget "n26 WatchKit Extension" */ = {
			isa = XCConfigurationList;
			buildConfigurations = (
				2BE5F55820BD6EC000CC1DF8 /* Debug */,
				2BE5F55920BD6EC000CC1DF8 /* Release */,
			);
			defaultConfigurationIsVisible = 0;
			defaultConfigurationName = Release;
		};
		2BE5F55B20BD6EC000CC1DF8 /* Build configuration list for PBXNativeTarget "n26 WatchKit App" */ = {
			isa = XCConfigurationList;
			buildConfigurations = (
				2BE5F55C20BD6EC000CC1DF8 /* Debug */,
				2BE5F55D20BD6EC000CC1DF8 /* Release */,
			);
			defaultConfigurationIsVisible = 0;
			defaultConfigurationName = Release;
		};
		2BE5F55F20BD6EC000CC1DF8 /* Build configuration list for PBXNativeTarget "n26" */ = {
			isa = XCConfigurationList;
			buildConfigurations = (
				2BE5F56020BD6EC000CC1DF8 /* Debug */,
				2BE5F56120BD6EC000CC1DF8 /* Release */,
			);
			defaultConfigurationIsVisible = 0;
			defaultConfigurationName = Release;
		};
		2BE5F56220BD6EC000CC1DF8 /* Build configuration list for PBXNativeTarget "n26Tests" */ = {
			isa = XCConfigurationList;
			buildConfigurations = (
				2BE5F56320BD6EC000CC1DF8 /* Debug */,
				2BE5F56420BD6EC000CC1DF8 /* Release */,
			);
			defaultConfigurationIsVisible = 0;
			defaultConfigurationName = Release;
		};
/* End XCConfigurationList section */

/* Begin XCVersionGroup section */
		2BBE70F520BEAA8F00063A67 /* bc_mapping.xcdatamodeld */ = {
			isa = XCVersionGroup;
			children = (
				2BBE70F620BEAA8F00063A67 /* bc_mapping.xcdatamodel */,
			);
			currentVersion = 2BBE70F620BEAA8F00063A67 /* bc_mapping.xcdatamodel */;
			path = bc_mapping.xcdatamodeld;
			sourceTree = "<group>";
			versionGroupType = wrapper.xcdatamodel;
		};
/* End XCVersionGroup section */
	};
	rootObject = 2BE5F51220BD6EBF00CC1DF8 /* Project object */;
}
